
Microsoft Visual Studio Solution File, Format Version 12.00
# Visual Studio Version 17
VisualStudioVersion = 17.6.33723.286
MinimumVisualStudioVersion = 10.0.40219.1
Project("{FAE04EC0-301F-11D3-BF4B-00C04F79EFBC}") = "EmpWage", "EmpWage\EmpWage.csproj", "{F76CFE63-28B5-41F9-BBFC-194EFF5D9AA5}"
EndProject
Global
	GlobalSection(SolutionConfigurationPlatforms) = preSolution
		Debug|Any CPU = Debug|Any CPU
		Release|Any CPU = Release|Any CPU
	EndGlobalSection
	GlobalSection(ProjectConfigurationPlatforms) = postSolution
		{F76CFE63-28B5-41F9-BBFC-194EFF5D9AA5}.Debug|Any CPU.ActiveCfg = Debug|Any CPU
		{F76CFE63-28B5-41F9-BBFC-194EFF5D9AA5}.Debug|Any CPU.Build.0 = Debug|Any CPU
		{F76CFE63-28B5-41F9-BBFC-194EFF5D9AA5}.Release|Any CPU.ActiveCfg = Release|Any CPU
		{F76CFE63-28B5-41F9-BBFC-194EFF5D9AA5}.Release|Any CPU.Build.0 = Release|Any CPU
	EndGlobalSection
	GlobalSection(SolutionProperties) = preSolution
		HideSolutionNode = FALSE
	EndGlobalSection
	GlobalSection(ExtensibilityGlobals) = postSolution
		SolutionGuid = {1A505389-7D4D-4FA7-9BDF-06F59E31ED38}
	EndGlobalSection
EndGlobal
